{
  "name": "fincrypto",
  "lockfileVersion": 2,
  "requires": true,
  "packages": {
    "": {
      "dependencies": {
        "countdowntimer": "^2.0.1"
      }
    },
    "node_modules/countdowntimer": {
      "version": "2.0.1",
      "resolved": "https://registry.npmjs.org/countdowntimer/-/countdowntimer-2.0.1.tgz",
      "integrity": "sha512-chZbPV+16Ls4WM8k8N/cO/EH+XBUiQP2mmLSnU34gHcsqLkOaiukX4rlZaH0LHcaAapsYukOQrcy+A97LE7MJw==",
      "dependencies": {
        "jquery": "^3.2.1"
      }
    },
    "node_modules/jquery": {
      "version": "3.6.4",
      "resolved": "https://registry.npmjs.org/jquery/-/jquery-3.6.4.tgz",
      "integrity": "sha512-v28EW9DWDFpzcD9O5iyJXg3R3+q+mET5JhnjJzQUZMHOv67bpSIHq81GEYpPNZHG+XXHsfSme3nxp/hndKEcsQ=="
    }
  },
  "dependencies": {
    "countdowntimer": {
      "version": "2.0.1",
      "resolved": "https://registry.npmjs.org/countdowntimer/-/countdowntimer-2.0.1.tgz",
      "integrity": "sha512-chZbPV+16Ls4WM8k8N/cO/EH+XBUiQP2mmLSnU34gHcsqLkOaiukX4rlZaH0LHcaAapsYukOQrcy+A97LE7MJw==",
      "requires": {
        "jquery": "^3.2.1"
      }
    },
    "jquery": {
      "version": "3.6.4",
      "resolved": "https://registry.npmjs.org/jquery/-/jquery-3.6.4.tgz",
      "integrity": "sha512-v28EW9DWDFpzcD9O5iyJXg3R3+q+mET5JhnjJzQUZMHOv67bpSIHq81GEYpPNZHG+XXHsfSme3nxp/hndKEcsQ=="
    }
  }
}
